Microsoft Visual Studio Solution File, Format Version 12.00
# Visual Studio Version 16
VisualStudioVersion = 16.0.29411.108
MinimumVisualStudioVersion = 10.0.40219.1
Project("{9A19103F-16F7-4668-BE54-9A1E7A4F7556}") = "DayPrinter", "DayPrinter\DayPrinter.csproj", "{B3E76AAA-3BE8-49C7-A831-64EF68C6F28D}"
EndProject
Project("{9A19103F-16F7-4668-BE54-9A1E7A4F7556}") = "ElseIf", "ElseIf\ElseIf.csproj", "{C7008ACC-EE4B-49CC-B7FB-5F9F95E257A9}"
EndProject
Project("{9A19103F-16F7-4668-BE54-9A1E7A4F7556}") = "TempConv", "TempConv\TempConv.csproj", "{6D18F93D-E26F-4FF4-ABF2-1450FD9FB19D}"
EndProject
Project("{9A19103F-16F7-4668-BE54-9A1E7A4F7556}") = "HelloMethods", "HelloMethods\HelloMethods.csproj", "{9B69E0D2-FBD5-4FB4-9D40-768AE4F57300}"
EndProject
Project("{9A19103F-16F7-4668-BE54-9A1E7A4F7556}") = "Gradebook", "Gradebook\Gradebook.csproj", "{9E08496B-2501-4CBF-844F-8FD7BA97F4E6}"
EndProject
Project("{9A19103F-16F7-4668-BE54-9A1E7A4F7556}") = "GradebookDict", "GradebookDict\GradebookDict.csproj", "{EFCB1B91-2E92-478F-BFF7-013FF6911DCC}"
EndProject
Project("{9A19103F-16F7-4668-BE54-9A1E7A4F7556}") = "GradebookArray", "GradebookArray\GradebookArray.csproj", "{89051A0E-8D18-48C3-B4E6-D05F62D252CE}"
EndProject
Project("{9A19103F-16F7-4668-BE54-9A1E7A4F7556}") = "HelloWorld", "HelloWorld\HelloWorld.csproj", "{BA4383E9-2C12-4A3A-9A56-A6BE059D065C}"
EndProject
Project("{9A19103F-16F7-4668-BE54-9A1E7A4F7556}") = "Area", "Area\Area.csproj", "{B3A6878D-A214-428A-92A7-69885B4B6480}"
EndProject
Project("{9A19103F-16F7-4668-BE54-9A1E7A4F7556}") = "RectangleArea", "RectangleArea\RectangleArea.csproj", "{CE9098A3-D077-4FA3-A6F4-E42DBA74D69E}"
EndProject
Project("{9A19103F-16F7-4668-BE54-9A1E7A4F7556}") = "MilesPerGallon", "MilesPerGallon\MilesPerGallon.csproj", "{36AABCC0-5D62-4B4E-8EC4-21844AD410F6}"
EndProject
Project("{9A19103F-16F7-4668-BE54-9A1E7A4F7556}") = "Decisions", "Decisions\Decisions.csproj", "{708F73E3-29EF-4EC1-9C5E-E9341679F927}"
EndProject
Project("{9A19103F-16F7-4668-BE54-9A1E7A4F7556}") = "Variables", "Variables\Variables.csproj", "{F8AE71A9-B59A-4A28-9A6B-E98B1E6E23BF}"
EndProject
Project("{9A19103F-16F7-4668-BE54-9A1E7A4F7556}") = "OperatorsExpressionsStatements", "OperatorsExpressionsStatements\OperatorsExpressionsStatements.csproj", "{257FAEF6-5A10-404B-8EEB-76111C7AD4EC}"
EndProject
Project("{9A19103F-16F7-4668-BE54-9A1E7A4F7556}") = "CountingCharacters", "CountingCharacters\CountingCharacters.csproj", "{D380A069-1DD0-4311-A040-45ECD5867CE1}"
EndProject
Project("{9A19103F-16F7-4668-BE54-9A1E7A4F7556}") = "ForIteration", "ForIteration\ForIteration.csproj", "{ED2EBC3A-3FF4-406C-BE4D-6E13FAA69992}"
EndProject
Project("{9A19103F-16F7-4668-BE54-9A1E7A4F7556}") = "WorkingWithStrings", "WorkingWithStrings\WorkingWithStrings.csproj", "{81A5D397-4A36-4BE9-A325-985A47020C10}"
EndProject
Project("{FAE04EC0-301F-11D3-BF4B-00C04F79EFBC}") = "UnderstandingArrays", "UnderstandingArrays\UnderstandingArrays.csproj", "{82475673-3A2D-4CF7-BA7E-033DA4040C79}"
EndProject
Global
	GlobalSection(SolutionConfigurationPlatforms) = preSolution
		Debug|Any CPU = Debug|Any CPU
		Release|Any CPU = Release|Any CPU
	EndGlobalSection
	GlobalSection(ProjectConfigurationPlatforms) = postSolution
		{B3E76AAA-3BE8-49C7-A831-64EF68C6F28D}.Debug|Any CPU.ActiveCfg = Debug|Any CPU
		{B3E76AAA-3BE8-49C7-A831-64EF68C6F28D}.Debug|Any CPU.Build.0 = Debug|Any CPU
		{B3E76AAA-3BE8-49C7-A831-64EF68C6F28D}.Release|Any CPU.ActiveCfg = Release|Any CPU
		{B3E76AAA-3BE8-49C7-A831-64EF68C6F28D}.Release|Any CPU.Build.0 = Release|Any CPU
		{C7008ACC-EE4B-49CC-B7FB-5F9F95E257A9}.Debug|Any CPU.ActiveCfg = Debug|Any CPU
		{C7008ACC-EE4B-49CC-B7FB-5F9F95E257A9}.Debug|Any CPU.Build.0 = Debug|Any CPU
		{C7008ACC-EE4B-49CC-B7FB-5F9F95E257A9}.Release|Any CPU.ActiveCfg = Release|Any CPU
		{C7008ACC-EE4B-49CC-B7FB-5F9F95E257A9}.Release|Any CPU.Build.0 = Release|Any CPU
		{6D18F93D-E26F-4FF4-ABF2-1450FD9FB19D}.Debug|Any CPU.ActiveCfg = Debug|Any CPU
		{6D18F93D-E26F-4FF4-ABF2-1450FD9FB19D}.Debug|Any CPU.Build.0 = Debug|Any CPU
		{6D18F93D-E26F-4FF4-ABF2-1450FD9FB19D}.Release|Any CPU.ActiveCfg = Release|Any CPU
		{6D18F93D-E26F-4FF4-ABF2-1450FD9FB19D}.Release|Any CPU.Build.0 = Release|Any CPU
		{9B69E0D2-FBD5-4FB4-9D40-768AE4F57300}.Debug|Any CPU.ActiveCfg = Debug|Any CPU
		{9B69E0D2-FBD5-4FB4-9D40-768AE4F57300}.Debug|Any CPU.Build.0 = Debug|Any CPU
		{9B69E0D2-FBD5-4FB4-9D40-768AE4F57300}.Release|Any CPU.ActiveCfg = Release|Any CPU
		{9B69E0D2-FBD5-4FB4-9D40-768AE4F57300}.Release|Any CPU.Build.0 = Release|Any CPU
		{9E08496B-2501-4CBF-844F-8FD7BA97F4E6}.Debug|Any CPU.ActiveCfg = Debug|Any CPU
		{9E08496B-2501-4CBF-844F-8FD7BA97F4E6}.Debug|Any CPU.Build.0 = Debug|Any CPU
		{9E08496B-2501-4CBF-844F-8FD7BA97F4E6}.Release|Any CPU.ActiveCfg = Release|Any CPU
		{9E08496B-2501-4CBF-844F-8FD7BA97F4E6}.Release|Any CPU.Build.0 = Release|Any CPU
		{EFCB1B91-2E92-478F-BFF7-013FF6911DCC}.Debug|Any CPU.ActiveCfg = Debug|Any CPU
		{EFCB1B91-2E92-478F-BFF7-013FF6911DCC}.Debug|Any CPU.Build.0 = Debug|Any CPU
		{EFCB1B91-2E92-478F-BFF7-013FF6911DCC}.Release|Any CPU.ActiveCfg = Release|Any CPU
		{EFCB1B91-2E92-478F-BFF7-013FF6911DCC}.Release|Any CPU.Build.0 = Release|Any CPU
		{89051A0E-8D18-48C3-B4E6-D05F62D252CE}.Debug|Any CPU.ActiveCfg = Debug|Any CPU
		{89051A0E-8D18-48C3-B4E6-D05F62D252CE}.Debug|Any CPU.Build.0 = Debug|Any CPU
		{89051A0E-8D18-48C3-B4E6-D05F62D252CE}.Release|Any CPU.ActiveCfg = Release|Any CPU
		{89051A0E-8D18-48C3-B4E6-D05F62D252CE}.Release|Any CPU.Build.0 = Release|Any CPU
		{BA4383E9-2C12-4A3A-9A56-A6BE059D065C}.Debug|Any CPU.ActiveCfg = Debug|Any CPU
		{BA4383E9-2C12-4A3A-9A56-A6BE059D065C}.Debug|Any CPU.Build.0 = Debug|Any CPU
		{BA4383E9-2C12-4A3A-9A56-A6BE059D065C}.Release|Any CPU.ActiveCfg = Release|Any CPU
		{BA4383E9-2C12-4A3A-9A56-A6BE059D065C}.Release|Any CPU.Build.0 = Release|Any CPU
		{B3A6878D-A214-428A-92A7-69885B4B6480}.Debug|Any CPU.ActiveCfg = Debug|Any CPU
		{B3A6878D-A214-428A-92A7-69885B4B6480}.Debug|Any CPU.Build.0 = Debug|Any CPU
		{B3A6878D-A214-428A-92A7-69885B4B6480}.Release|Any CPU.ActiveCfg = Release|Any CPU
		{B3A6878D-A214-428A-92A7-69885B4B6480}.Release|Any CPU.Build.0 = Release|Any CPU
		{CE9098A3-D077-4FA3-A6F4-E42DBA74D69E}.Debug|Any CPU.ActiveCfg = Debug|Any CPU
		{CE9098A3-D077-4FA3-A6F4-E42DBA74D69E}.Debug|Any CPU.Build.0 = Debug|Any CPU
		{CE9098A3-D077-4FA3-A6F4-E42DBA74D69E}.Release|Any CPU.ActiveCfg = Release|Any CPU
		{CE9098A3-D077-4FA3-A6F4-E42DBA74D69E}.Release|Any CPU.Build.0 = Release|Any CPU
		{36AABCC0-5D62-4B4E-8EC4-21844AD410F6}.Debug|Any CPU.ActiveCfg = Debug|Any CPU
		{36AABCC0-5D62-4B4E-8EC4-21844AD410F6}.Debug|Any CPU.Build.0 = Debug|Any CPU
		{36AABCC0-5D62-4B4E-8EC4-21844AD410F6}.Release|Any CPU.ActiveCfg = Release|Any CPU
		{36AABCC0-5D62-4B4E-8EC4-21844AD410F6}.Release|Any CPU.Build.0 = Release|Any CPU
		{708F73E3-29EF-4EC1-9C5E-E9341679F927}.Debug|Any CPU.ActiveCfg = Debug|Any CPU
		{708F73E3-29EF-4EC1-9C5E-E9341679F927}.Debug|Any CPU.Build.0 = Debug|Any CPU
		{708F73E3-29EF-4EC1-9C5E-E9341679F927}.Release|Any CPU.ActiveCfg = Release|Any CPU
		{708F73E3-29EF-4EC1-9C5E-E9341679F927}.Release|Any CPU.Build.0 = Release|Any CPU
		{F8AE71A9-B59A-4A28-9A6B-E98B1E6E23BF}.Debug|Any CPU.ActiveCfg = Debug|Any CPU
		{F8AE71A9-B59A-4A28-9A6B-E98B1E6E23BF}.Debug|Any CPU.Build.0 = Debug|Any CPU
		{F8AE71A9-B59A-4A28-9A6B-E98B1E6E23BF}.Release|Any CPU.ActiveCfg = Release|Any CPU
		{F8AE71A9-B59A-4A28-9A6B-E98B1E6E23BF}.Release|Any CPU.Build.0 = Release|Any CPU
		{257FAEF6-5A10-404B-8EEB-76111C7AD4EC}.Debug|Any CPU.ActiveCfg = Debug|Any CPU
		{257FAEF6-5A10-404B-8EEB-76111C7AD4EC}.Debug|Any CPU.Build.0 = Debug|Any CPU
		{257FAEF6-5A10-404B-8EEB-76111C7AD4EC}.Release|Any CPU.ActiveCfg = Release|Any CPU
		{257FAEF6-5A10-404B-8EEB-76111C7AD4EC}.Release|Any CPU.Build.0 = Release|Any CPU
		{D380A069-1DD0-4311-A040-45ECD5867CE1}.Debug|Any CPU.ActiveCfg = Debug|Any CPU
		{D380A069-1DD0-4311-A040-45ECD5867CE1}.Debug|Any CPU.Build.0 = Debug|Any CPU
		{D380A069-1DD0-4311-A040-45ECD5867CE1}.Release|Any CPU.ActiveCfg = Release|Any CPU
		{D380A069-1DD0-4311-A040-45ECD5867CE1}.Release|Any CPU.Build.0 = Release|Any CPU
		{ED2EBC3A-3FF4-406C-BE4D-6E13FAA69992}.Debug|Any CPU.ActiveCfg = Debug|Any CPU
		{ED2EBC3A-3FF4-406C-BE4D-6E13FAA69992}.Debug|Any CPU.Build.0 = Debug|Any CPU
		{ED2EBC3A-3FF4-406C-BE4D-6E13FAA69992}.Release|Any CPU.ActiveCfg = Release|Any CPU
		{ED2EBC3A-3FF4-406C-BE4D-6E13FAA69992}.Release|Any CPU.Build.0 = Release|Any CPU
		{81A5D397-4A36-4BE9-A325-985A47020C10}.Debug|Any CPU.ActiveCfg = Debug|Any CPU
		{81A5D397-4A36-4BE9-A325-985A47020C10}.Debug|Any CPU.Build.0 = Debug|Any CPU
		{81A5D397-4A36-4BE9-A325-985A47020C10}.Release|Any CPU.ActiveCfg = Release|Any CPU
		{81A5D397-4A36-4BE9-A325-985A47020C10}.Release|Any CPU.Build.0 = Release|Any CPU
		{82475673-3A2D-4CF7-BA7E-033DA4040C79}.Debug|Any CPU.ActiveCfg = Debug|Any CPU
		{82475673-3A2D-4CF7-BA7E-033DA4040C79}.Debug|Any CPU.Build.0 = Debug|Any CPU
		{82475673-3A2D-4CF7-BA7E-033DA4040C79}.Release|Any CPU.ActiveCfg = Release|Any CPU
		{82475673-3A2D-4CF7-BA7E-033DA4040C79}.Release|Any CPU.Build.0 = Release|Any CPU
	EndGlobalSection
	GlobalSection(SolutionProperties) = preSolution
		HideSolutionNode = FALSE
	EndGlobalSection
	GlobalSection(ExtensibilityGlobals) = postSolution
		SolutionGuid = {7B34E216-FD4C-4CFD-94B5-653F976E7402}
	EndGlobalSection
EndGlobal
